
Microsoft Visual Studio Solution File, Format Version 12.00
# Visual Studio Version 17
VisualStudioVersion = 17.3.32929.385
MinimumVisualStudioVersion = 10.0.40219.1
Project("{FAE04EC0-301F-11D3-BF4B-00C04F79EFBC}") = "Lab2", "Lab2.csproj", "{45E28E91-342A-4626-9308-414AFF695C5B}"
EndProject
Global
	GlobalSection(SolutionConfigurationPlatforms) = preSolution
		Debug|Any CPU = Debug|Any CPU
		Release|Any CPU = Release|Any CPU
	EndGlobalSection
	GlobalSection(ProjectConfigurationPlatforms) = postSolution
		{45E28E91-342A-4626-9308-414AFF695C5B}.Debug|Any CPU.ActiveCfg = Debug|Any CPU
		{45E28E91-342A-4626-9308-414AFF695C5B}.Debug|Any CPU.Build.0 = Debug|Any CPU
		{45E28E91-342A-4626-9308-414AFF695C5B}.Release|Any CPU.ActiveCfg = Release|Any CPU
		{45E28E91-342A-4626-9308-414AFF695C5B}.Release|Any CPU.Build.0 = Release|Any CPU
	EndGlobalSection
	GlobalSection(SolutionProperties) = preSolution
		HideSolutionNode = FALSE
	EndGlobalSection
	GlobalSection(ExtensibilityGlobals) = postSolution
		SolutionGuid = {5B5BB390-6574-4028-BB50-9FDDAA758992}
	EndGlobalSection
EndGlobal
